# This file was autogenerated by Stack.
# You should not edit this file by hand.
# For more information, please see the documentation at:
#   https://docs.haskellstack.org/en/stable/lock_files

packages:
- completed:
    hackage: scotty-0.12.1@sha256:15c06ece267187c4324645e54f2104a63fe3eb8ce6eb5698e4093735daba1f1a,5437
    pantry-tree:
      sha256: 3041974be2f367b74a696a2a5ea19948f9c5a7ca68e4e92092aceaf1de50fd9b
      size: 1701
  original:
    hackage: scotty-0.12.1
- completed:
    hackage: wai-cors-0.2.7@sha256:c3309a9c9db001cb5c3c777222ba3389f35c2ec57425731cddf2af8515b204b2,2905
    pantry-tree:
      sha256: 0e2d17d354d6ebf02aa5a37dddb83b716038a1d6b4dcda0a6379ceb60909e956
      size: 792
  original:
    hackage: wai-cors-0.2.7
- completed:
    hackage: text-2.0.2@sha256:71b5fa8c64d3c1fd0a08f993463220867b08290a2256e94b0952bf0e8f5a45cc,9905
    pantry-tree:
      sha256: 25f3b6dd211e30f9e0ef5047bb9f30df7a9296cf1043873e31558196dfe78676
      size: 7514
  original:
    hackage: text-2.0.2
- completed:
    hackage: random-1.2.1.2@sha256:32397de181e20ccaacf806ec70de9308cf044f089a2be37c936f3f8967bde867,6460
    pantry-tree:
      sha256: cd0fe2b39e4d4efad4d78f69c28b7fd49ffe2879923b3a9272352edc43a956e6
      size: 1528
  original:
    hackage: random-1.2.1.2
- completed:
    hackage: containers-0.6.7@sha256:4aad61c33b21e453e5d18a465e674898fded282f233ffd154b48acc540c89537,2655
    pantry-tree:
      sha256: d3430bcc4beafe609d6c5cd4a607549ee4ffe0eafc2ebb9c87b5e7b1b20b24d8
      size: 2902
  original:
    hackage: containers-0.6.7
- completed:
    hackage: random-shuffle-0.0.4@sha256:d0b9783c30208d1ce05caa05139fb00372802edb6c678b73d61b5eb4eebb3aba,818
    pantry-tree:
      sha256: e6e1c894e726443bc7165618de6745812610e70f0df22dbe5c130bafee2c507b
      size: 226
  original:
    hackage: random-shuffle-0.0.4
- completed:
    hackage: http-types-0.12.4@sha256:c8bdda528c9d74dea90effb30958fdacdb09b116c61a63b6f1b233ffea72b776,2276
    pantry-tree:
      sha256: e21914c574c5fa6ed1fb4b65d2d6e9dd51f15addd5bed5c5490430dedd295a24
      size: 910
  original:
    hackage: http-types-0.12.4
- completed:
    hackage: hedgehog-1.4@sha256:9860ab34ab3951d9515c71b777d8c9c47610aae7339933e17d26ad9a4afa5618,4754
    pantry-tree:
      sha256: 8fd5983d447a5362856d4741d9e19cac8dcab150017c91b0c5acad6472afb0f6
      size: 2713
  original:
    hackage: hedgehog-1.4
snapshots:
- completed:
    sha256: 08bd13ce621b41a8f5e51456b38d5b46d7783ce114a50ab604d6bbab0d002146
    size: 720271
    url: https://raw.githubusercontent.com/commercialhaskell/stackage-snapshots/master/lts/22/43.yaml
  original:
    url: https://raw.githubusercontent.com/commercialhaskell/stackage-snapshots/master/lts/22/43.yaml
