# This file was autogenerated by Stack.
# You should not edit this file by hand.
# For more information, please see the documentation at:
#   https://docs.haskellstack.org/en/stable/lock_files

packages:
- completed:
    hackage: hedgehog-1.4@sha256:9860ab34ab3951d9515c71b777d8c9c47610aae7339933e17d26ad9a4afa5618,4754
    pantry-tree:
      sha256: 8fd5983d447a5362856d4741d9e19cac8dcab150017c91b0c5acad6472afb0f6
      size: 2713
  original:
    hackage: hedgehog-1.4
snapshots:
- completed:
    sha256: c6274f9587d6bf40b6aaa7d1092684c37a2d8bb1e0df999ae0e2b755db15682d
    size: 720026
    url: https://raw.githubusercontent.com/commercialhaskell/stackage-snapshots/master/lts/22/37.yaml
  original:
    url: https://raw.githubusercontent.com/commercialhaskell/stackage-snapshots/master/lts/22/37.yaml
