# This file was autogenerated by Stack.
# You should not edit this file by hand.
# For more information, please see the documentation at:
#   https://docs.haskellstack.org/en/stable/lock_files

packages:
- completed:
    hackage: random-1.2.1.1@sha256:e7c1f881159d5cc788619c9ee8b8f340ba2ff0db571cdf3d1a1968ebc5108789,6777
    pantry-tree:
      sha256: adc460de1e12074b8fb5634330089e11aeeac02b02716ba15b9f4de6fa1de425
      size: 1528
  original:
    hackage: random-1.2.1.1
- completed:
    hackage: HUnit-1.6.2.0@sha256:1a79174e8af616117ad39464cac9de205ca923da6582825e97c10786fda933a4,1588
    pantry-tree:
      sha256: 4f20a5a33866171260d0ee1e256c27f53cc84d37a68d498c3e12347f4e3d05b4
      size: 878
  original:
    hackage: HUnit-1.6.2.0
- completed:
    hackage: QuickCheck-2.14.2@sha256:4ce29211223d5e6620ebceba34a3ca9ccf1c10c0cf387d48aea45599222ee5aa,7736
    pantry-tree:
      sha256: 2fe423d0ed7cd64f0f165d708779f48814e66c4f181c568468134af55d86a5f8
      size: 2315
  original:
    hackage: QuickCheck-2.14.2
- completed:
    hackage: tasty-hedgehog-1.2.0.0@sha256:4fb1d9ae578f47c0d677126395fe1c0e2e741558aaf169a1d2c015271c353980,1860
    pantry-tree:
      sha256: 029c4a54faa8b8cfb09a6246f5be489a340dfc046e313fc88e841660257b4456
      size: 330
  original:
    hackage: tasty-hedgehog-1.2.0.0
- completed:
    hackage: hedgehog-1.0.5@sha256:a14356de69470b7e3966a65cd887c15b168d76ec7892c45cf0e23fea788fdbdc,4533
    pantry-tree:
      sha256: f40c711c1b9bca36d0ebff5175fb4b1a5bf1279ae04f3d2e4c1f0afd9cfc53b5
      size: 2575
  original:
    hackage: hedgehog-1.0.5
snapshots:
- completed:
    sha256: 08bd13ce621b41a8f5e51456b38d5b46d7783ce114a50ab604d6bbab0d002146
    size: 720271
    url: https://raw.githubusercontent.com/commercialhaskell/stackage-snapshots/master/lts/22/43.yaml
  original:
    url: https://raw.githubusercontent.com/commercialhaskell/stackage-snapshots/master/lts/22/43.yaml
